
Microsoft Visual Studio Solution File, Format Version 12.00
# Visual Studio Version 16
VisualStudioVersion = 16.0.28803.156
MinimumVisualStudioVersion = 10.0.40219.1
Project("{FAE04EC0-301F-11D3-BF4B-00C04F79EFBC}") = "记事本", "记事本\记事本.csproj", "{2DD2A0BC-6B7D-48A8-8132-822949B659DA}"
EndProject
Global
	GlobalSection(SolutionConfigurationPlatforms) = preSolution
		Debug|Any CPU = Debug|Any CPU
		Release|Any CPU = Release|Any CPU
	EndGlobalSection
	GlobalSection(ProjectConfigurationPlatforms) = postSolution
		{2DD2A0BC-6B7D-48A8-8132-822949B659DA}.Debug|Any CPU.ActiveCfg = Debug|Any CPU
		{2DD2A0BC-6B7D-48A8-8132-822949B659DA}.Debug|Any CPU.Build.0 = Debug|Any CPU
		{2DD2A0BC-6B7D-48A8-8132-822949B659DA}.Release|Any CPU.ActiveCfg = Release|Any CPU
		{2DD2A0BC-6B7D-48A8-8132-822949B659DA}.Release|Any CPU.Build.0 = Release|Any CPU
	EndGlobalSection
	GlobalSection(SolutionProperties) = preSolution
		HideSolutionNode = FALSE
	EndGlobalSection
	GlobalSection(ExtensibilityGlobals) = postSolution
		SolutionGuid = {227D85B7-D51E-41AE-97AA-F2C7DD017A86}
	EndGlobalSection
EndGlobal
